<?xml version="1.0" encoding="utf-8"?>
<Project ToolsVersion="4.0" xmlns="http://schemas.microsoft.com/developer/msbuild/2003">
  <ItemGroup>
    <Filter Include="Source Files">
      <UniqueIdentifier>{4FC737F1-C7A5-4376-A066-2A32D752A2FF}</UniqueIdentifier>
      <Extensions>cpp;c;cc;cxx;def;odl;idl;hpj;bat;asm;asmx</Extensions>
    </Filter>
    <Filter Include="Header Files">
      <UniqueIdentifier>{93995380-89BD-4b04-88EB-625FBE52EBFB}</UniqueIdentifier>
      <Extensions>h;hh;hpp;hxx;hm;inl;inc;ipp;xsd</Extensions>
    </Filter>
    <Filter Include="Resource Files">
      <UniqueIdentifier>{67DA6AB6-F800-4c08-8B7A-83BB121AAD01}</UniqueIdentifier>
      <Extensions>rc;ico;cur;bmp;dlg;rc2;rct;bin;rgs;gif;jpg;jpeg;jpe;resx;tiff;tif;png;wav;mfcribbon-ms</Extensions>
    </Filter>
    <Filter Include="Core">
      <UniqueIdentifier>{1478a224-5018-4daf-88dc-7c707dd1dfda}</UniqueIdentifier>
    </Filter>
    <Filter Include="Utils">
      <UniqueIdentifier>{2a9fcf7e-c05a-4e61-8280-bb9928da3a05}</UniqueIdentifier>
    </Filter>
    <Filter Include="RTX">
      <UniqueIdentifier>{23d7c8ab-9271-48ed-80f3-c214db512471}</UniqueIdentifier>
    </Filter>
  </ItemGroup>
  <ItemGroup>
    <ClInclude Include="stdafx.h">
      <Filter>Header Files</Filter>
    </ClInclude>
    <ClInclude Include="targetver.h">
      <Filter>Header Files</Filter>
    </ClInclude>
    <ClInclude Include="Resource.h">
      <Filter>Header Files</Filter>
    </ClInclude>
    <ClInclude Include="Core\Application.hpp">
      <Filter>Core</Filter>
    </ClInclude>
    <ClInclude Include="Core\Graphics.hpp">
      <Filter>Core</Filter>
    </ClInclude>
    <ClInclude Include="Utils\KDTree.hpp">
      <Filter>Utils</Filter>
    </ClInclude>
    <ClInclude Include="Utils\Structure.hpp">
      <Filter>Utils</Filter>
    </ClInclude>
    <ClInclude Include="RTX\Font.hpp">
      <Filter>RTX</Filter>
    </ClInclude>
    <ClInclude Include="RTX\ModelDX11.hpp">
      <Filter>RTX</Filter>
    </ClInclude>
    <ClInclude Include="RTX\GraphicsRTX.hpp">
      <Filter>RTX</Filter>
    </ClInclude>
  </ItemGroup>
  <ItemGroup>
    <ClCompile Include="stdafx.cpp">
      <Filter>Source Files</Filter>
    </ClCompile>
    <ClCompile Include="Main.cpp">
      <Filter>Source Files</Filter>
    </ClCompile>
    <ClCompile Include="Core\Application.cpp">
      <Filter>Core</Filter>
    </ClCompile>
    <ClCompile Include="RTX\Font.cpp">
      <Filter>RTX</Filter>
    </ClCompile>
    <ClCompile Include="RTX\ModelDX11.cpp">
      <Filter>RTX</Filter>
    </ClCompile>
    <ClCompile Include="RTX\GraphicsRTX.cpp">
      <Filter>RTX</Filter>
    </ClCompile>
  </ItemGroup>
  <ItemGroup>
    <Image Include="Icon.ico">
      <Filter>Resource Files</Filter>
    </Image>
    <Image Include="IconSmall.ico">
      <Filter>Resource Files</Filter>
    </Image>
  </ItemGroup>
  <ItemGroup>
    <ResourceCompile Include="Resource.rc">
      <Filter>Resource Files</Filter>
    </ResourceCompile>
  </ItemGroup>
</Project>