<?xml version="1.0" encoding="utf-8"?>
<Project ToolsVersion="4.0" xmlns="http://schemas.microsoft.com/developer/msbuild/2003">
  <ItemGroup>
    <Filter Include="Source Files">
      <UniqueIdentifier>{a477d882-510c-44ed-a75c-8213ebb66a23}</UniqueIdentifier>
      <Extensions>cpp;c;cc;cxx;def;odl;idl;hpj;bat;asm;asmx</Extensions>
    </Filter>
    <Filter Include="Header Files">
      <UniqueIdentifier>{0cfc1369-4f9a-4a24-bce7-c6373ff3c623}</UniqueIdentifier>
      <Extensions>h;hh;hpp;hxx;hm;inl;inc;xsd</Extensions>
    </Filter>
    <Filter Include="CUDA">
      <UniqueIdentifier>{2b5e2cb5-a285-488b-8bce-47db32215a13}</UniqueIdentifier>
    </Filter>
    <Filter Include="Framework">
      <UniqueIdentifier>{0648c98a-4af8-48c1-853b-38b45097e1f7}</UniqueIdentifier>
    </Filter>
  </ItemGroup>
  <ItemGroup>
    <ClCompile Include="main.cpp">
      <Filter>Source Files</Filter>
    </ClCompile>
    <ClCompile Include="Framework\ObjReader.cpp">
      <Filter>Framework</Filter>
    </ClCompile>
  </ItemGroup>
  <ItemGroup>
    <ClInclude Include="stdafx.h">
      <Filter>Header Files</Filter>
    </ClInclude>
    <ClInclude Include="Framework\ObjReader.hpp">
      <Filter>Framework</Filter>
    </ClInclude>
    <ClInclude Include="Framework\Math.hpp">
      <Filter>Framework</Filter>
    </ClInclude>
    <ClInclude Include="Framework\Geometry.h">
      <Filter>Framework</Filter>
    </ClInclude>
    <ClInclude Include="Framework\Camera.hpp">
      <Filter>Framework</Filter>
    </ClInclude>
    <ClInclude Include="CUDA\CUTracer.h">
      <Filter>CUDA</Filter>
    </ClInclude>
    <ClInclude Include="CUDA\Utils.hpp">
      <Filter>CUDA</Filter>
    </ClInclude>
  </ItemGroup>
  <ItemGroup>
    <CudaCompile Include="CUDA\CUTracer.cu">
      <Filter>CUDA</Filter>
    </CudaCompile>
  </ItemGroup>
</Project>