
Microsoft Visual Studio Solution File, Format Version 12.00
# Visual Studio 15
VisualStudioVersion = 15.0.27428.2005
MinimumVisualStudioVersion = 10.0.40219.1
Project("{8BC9CEB8-8B4A-11D0-8D11-00A0C91BC942}") = "CVMCTracer", "CVMCTracer\CVMCTracer.vcxproj", "{A415C1F4-72AB-4E26-8334-4DB62AEA8931}"
EndProject
Global
	GlobalSection(SolutionConfigurationPlatforms) = preSolution
		Debug|x64 = Debug|x64
		Release|x64 = Release|x64
	EndGlobalSection
	GlobalSection(ProjectConfigurationPlatforms) = postSolution
		{A415C1F4-72AB-4E26-8334-4DB62AEA8931}.Debug|x64.ActiveCfg = Debug|x64
		{A415C1F4-72AB-4E26-8334-4DB62AEA8931}.Debug|x64.Build.0 = Debug|x64
		{A415C1F4-72AB-4E26-8334-4DB62AEA8931}.Release|x64.ActiveCfg = Release|x64
		{A415C1F4-72AB-4E26-8334-4DB62AEA8931}.Release|x64.Build.0 = Release|x64
	EndGlobalSection
	GlobalSection(SolutionProperties) = preSolution
		HideSolutionNode = FALSE
	EndGlobalSection
	GlobalSection(ExtensibilityGlobals) = postSolution
		SolutionGuid = {80B27B96-513A-4E67-85B5-20D517892FF9}
	EndGlobalSection
EndGlobal
